<?xml version="1.0" encoding="utf-8"?>
<Project ToolsVersion="4.0" xmlns="http://schemas.microsoft.com/developer/msbuild/2003">
  <ItemGroup>
    <ClCompile Include="BalancedBinaryTree.cpp" />
    <ClCompile Include="BaseAlgorithm.cpp" />
    <ClCompile Include="BfsShortestReach.cpp" />
    <ClCompile Include="BinaryTreeLevelOrderII.cpp" />
    <ClCompile Include="BuySell.cpp" />
    <ClCompile Include="CountOnesFromSequence.cpp" />
    <ClCompile Include="DijkstraShortestReach.cpp" />
    <ClCompile Include="FirstMissingPositive.cpp" />
    <ClCompile Include="InsertionSort.cpp" />
    <ClCompile Include="main.cpp" />
    <ClCompile Include="MergeSort.cpp" />
    <ClCompile Include="MergeTwoSortedList.cpp" />
    <ClCompile Include="mysqrt.cpp" />
    <ClCompile Include="NextPermutation.cpp" />
    <ClCompile Include="NonDivisableSubset.cpp" />
    <ClCompile Include="ParlindromePartitioning.cpp" />
    <ClCompile Include="ReorderList.cpp" />
    <ClCompile Include="ReverseLinkedList.cpp" />
    <ClCompile Include="Search2DMatrix.cpp" />
    <ClCompile Include="SearchInRotatedSortedArray_II.cpp" />
    <ClCompile Include="SearchRangeFromSortedArray.cpp" />
    <ClCompile Include="SelectionSort.cpp" />
    <ClCompile Include="LeetCodeShuffle.cpp" />
    <ClCompile Include="SequenceValidator.cpp" />
    <ClCompile Include="SimpleExpressionEval.cpp" />
    <ClCompile Include="SingleNumber_II.cpp" />
    <ClCompile Include="SortColors.cpp" />
    <ClCompile Include="StlAlgorithms.cpp" />
    <ClCompile Include="SwapNodesInPairs.cpp" />
    <ClCompile Include="SynchronousShopping.cpp" />
    <ClCompile Include="TreePreorderIteratively.cpp" />
    <ClCompile Include="FlattenBinaryTreeToLinkedList.cpp" />
    <ClCompile Include="UniqueWordAbbreviation.cpp" />
    <ClCompile Include="BinaryTreeLongestConsecutiveSequence.cpp" />
    <ClCompile Include="FindMedianFromDataStream.cpp" />
  </ItemGroup>
  <ItemGroup>
    <ClInclude Include="BalancedBinaryTree.h" />
    <ClInclude Include="BaseAlgorithm.h" />
    <ClInclude Include="BfsShortestReach.h" />
    <ClInclude Include="BinaryTreeLevelOrderII.h" />
    <ClInclude Include="BuySell.h" />
    <ClInclude Include="CountOnesFromSequence.h" />
    <ClInclude Include="DijkstraShortestReach.h" />
    <ClInclude Include="FirstMissingPositive.h" />
    <ClInclude Include="InsertionSort.h" />
    <ClInclude Include="MergeSort.h" />
    <ClInclude Include="MergeTwoSortedList.h" />
    <ClInclude Include="mysqrt.h" />
    <ClInclude Include="NextPermutation.h" />
    <ClInclude Include="NonDivisableSubset.h" />
    <ClInclude Include="ParlindromePartitioning.h" />
    <ClInclude Include="ReorderList.h" />
    <ClInclude Include="ReverseLinkedList.h" />
    <ClInclude Include="Search2DMatrix.h" />
    <ClInclude Include="SearchInRotatedSortedArray_II.h" />
    <ClInclude Include="SearchRangeFromSortedArray.h" />
    <ClInclude Include="SelectionSort.h" />
    <ClInclude Include="LeetCodeShuffle.h" />
    <ClInclude Include="SequenceValidator.h" />
    <ClInclude Include="SimpleExpressionEval.h" />
    <ClInclude Include="SingleNumber_II.h" />
    <ClInclude Include="SortColors.h" />
    <ClInclude Include="StlAlgorithms.h" />
    <ClInclude Include="SwapNodesInPairs.h" />
    <ClInclude Include="SynchronousShopping.h" />
    <ClInclude Include="TreePreorderIteratively.h" />
    <ClInclude Include="FlattenBinaryTreeToLinkedList.h" />
    <ClInclude Include="UniqueWordAbbreviation.h" />
    <ClInclude Include="BinaryTreeLongestConsecutiveSequence.h" />
    <ClInclude Include="FindMedianFromDataStream.h" />
  </ItemGroup>
  <ItemGroup>
    <Text Include="Data\DijkstraShortestReach.txt" />
  </ItemGroup>
</Project>